// !$*UTF8*$!
{
	archiveVersion = 1;
	classes = {
	};
	objectVersion = 52;
	objects = {

/* Begin PBXBuildFile section */
		832B5EBD25EF55F400719031 /* Tests_iOS.swift in Sources */ = {isa = PBXBuildFile; fileRef = 832B5EBC25EF55F400719031 /* Tests_iOS.swift */; };
		832B5EC825EF55F400719031 /* Tests_macOS.swift in Sources */ = {isa = PBXBuildFile; fileRef = 832B5EC725EF55F400719031 /* Tests_macOS.swift */; };
		832B5ECA25EF55F400719031 /* Realm_SwiftUIApp.swift in Sources */ = {isa = PBXBuildFile; fileRef = 832B5EA125EF55F200719031 /* Realm_SwiftUIApp.swift */; };
		832B5ECB25EF55F400719031 /* Realm_SwiftUIApp.swift in Sources */ = {isa = PBXBuildFile; fileRef = 832B5EA125EF55F200719031 /* Realm_SwiftUIApp.swift */; };
		832B5ECC25EF55F400719031 /* ListView.swift in Sources */ = {isa = PBXBuildFile; fileRef = 832B5EA225EF55F200719031 /* ListView.swift */; };
		832B5ECD25EF55F400719031 /* ListView.swift in Sources */ = {isa = PBXBuildFile; fileRef = 832B5EA225EF55F200719031 /* ListView.swift */; };
		832B5ECE25EF55F400719031 /* Assets.xcassets in Resources */ = {isa = PBXBuildFile; fileRef = 832B5EA325EF55F400719031 /* Assets.xcassets */; };
		832B5ECF25EF55F400719031 /* Assets.xcassets in Resources */ = {isa = PBXBuildFile; fileRef = 832B5EA325EF55F400719031 /* Assets.xcassets */; };
		832B5EE425EF56AC00719031 /* Realm in Frameworks */ = {isa = PBXBuildFile; productRef = 832B5EE325EF56AC00719031 /* Realm */; };
		832B5EE625EF56AC00719031 /* RealmSwift in Frameworks */ = {isa = PBXBuildFile; productRef = 832B5EE525EF56AC00719031 /* RealmSwift */; };
		832B5EEC25EF57CA00719031 /* TaskModel.swift in Sources */ = {isa = PBXBuildFile; fileRef = 832B5EEB25EF57CA00719031 /* TaskModel.swift */; };
		832B5EED25EF57CA00719031 /* TaskModel.swift in Sources */ = {isa = PBXBuildFile; fileRef = 832B5EEB25EF57CA00719031 /* TaskModel.swift */; };
		832B5EF325EF57E000719031 /* RealmRepository.swift in Sources */ = {isa = PBXBuildFile; fileRef = 832B5EF225EF57E000719031 /* RealmRepository.swift */; };
		832B5EF425EF57E000719031 /* RealmRepository.swift in Sources */ = {isa = PBXBuildFile; fileRef = 832B5EF225EF57E000719031 /* RealmRepository.swift */; };
		832B5EFA25EF57F400719031 /* ListViewModel.swift in Sources */ = {isa = PBXBuildFile; fileRef = 832B5EF925EF57F400719031 /* ListViewModel.swift */; };
		832B5EFB25EF57F400719031 /* ListViewModel.swift in Sources */ = {isa = PBXBuildFile; fileRef = 832B5EF925EF57F400719031 /* ListViewModel.swift */; };
		832B5F0125EF580500719031 /* TaskCellViewModel.swift in Sources */ = {isa = PBXBuildFile; fileRef = 832B5F0025EF580500719031 /* TaskCellViewModel.swift */; };
		832B5F0225EF580500719031 /* TaskCellViewModel.swift in Sources */ = {isa = PBXBuildFile; fileRef = 832B5F0025EF580500719031 /* TaskCellViewModel.swift */; };
		832B5F1025EF5DA000719031 /* AddOrUpdateTaskView.swift in Sources */ = {isa = PBXBuildFile; fileRef = 832B5F0F25EF5DA000719031 /* AddOrUpdateTaskView.swift */; };
		832B5F1125EF5DA000719031 /* AddOrUpdateTaskView.swift in Sources */ = {isa = PBXBuildFile; fileRef = 832B5F0F25EF5DA000719031 /* AddOrUpdateTaskView.swift */; };
		836C564E25EFAB9300C08C59 /* TaskCellView.swift in Sources */ = {isa = PBXBuildFile; fileRef = 836C564D25EFAB9300C08C59 /* TaskCellView.swift */; };
		836C564F25EFAB9300C08C59 /* TaskCellView.swift in Sources */ = {isa = PBXBuildFile; fileRef = 836C564D25EFAB9300C08C59 /* TaskCellView.swift */; };
		836C565525EFABE500C08C59 /* Utilities.swift in Sources */ = {isa = PBXBuildFile; fileRef = 836C565425EFABE500C08C59 /* Utilities.swift */; };
		836C565625EFABE500C08C59 /* Utilities.swift in Sources */ = {isa = PBXBuildFile; fileRef = 836C565425EFABE500C08C59 /* Utilities.swift */; };
		836C566025EFAC0500C08C59 /* BottomView.swift in Sources */ = {isa = PBXBuildFile; fileRef = 836C565F25EFAC0500C08C59 /* BottomView.swift */; };
		836C566125EFAC0500C08C59 /* BottomView.swift in Sources */ = {isa = PBXBuildFile; fileRef = 836C565F25EFAC0500C08C59 /* BottomView.swift */; };
/* End PBXBuildFile section */

/* Begin PBXContainerItemProxy section */
		832B5EB925EF55F400719031 /* PBXContainerItemProxy */ = {
			isa = PBXContainerItemProxy;
			containerPortal = 832B5E9C25EF55F200719031 /* Project object */;
			proxyType = 1;
			remoteGlobalIDString = 832B5EA725EF55F400719031;
			remoteInfo = "Realm SwiftUI (iOS)";
		};
		832B5EC425EF55F400719031 /* PBXContainerItemProxy */ = {
			isa = PBXContainerItemProxy;
			containerPortal = 832B5E9C25EF55F200719031 /* Project object */;
			proxyType = 1;
			remoteGlobalIDString = 832B5EAF25EF55F400719031;
			remoteInfo = "Realm SwiftUI (macOS)";
		};
/* End PBXContainerItemProxy section */

/* Begin PBXFileReference section */
		832B5EA125EF55F200719031 /* Realm_SwiftUIApp.swift */ = {isa = PBXFileReference; lastKnownFileType = sourcecode.swift; path = Realm_SwiftUIApp.swift; sourceTree = "<group>"; };
		832B5EA225EF55F200719031 /* ListView.swift */ = {isa = PBXFileReference; lastKnownFileType = sourcecode.swift; path = ListView.swift; sourceTree = "<group>"; };
		832B5EA325EF55F400719031 /* Assets.xcassets */ = {isa = PBXFileReference; lastKnownFileType = folder.assetcatalog; path = Assets.xcassets; sourceTree = "<group>"; };
		832B5EA825EF55F400719031 /* Realm SwiftUI.app */ = {isa = PBXFileReference; explicitFileType = wrapper.application; includeInIndex = 0; path = "Realm SwiftUI.app"; sourceTree = BUILT_PRODUCTS_DIR; };
		832B5EAB25EF55F400719031 /* Info.plist */ = {isa = PBXFileReference; lastKnownFileType = text.plist.xml; path = Info.plist; sourceTree = "<group>"; };
		832B5EB025EF55F400719031 /* Realm SwiftUI.app */ = {isa = PBXFileReference; explicitFileType = wrapper.application; includeInIndex = 0; path = "Realm SwiftUI.app"; sourceTree = BUILT_PRODUCTS_DIR; };
		832B5EB225EF55F400719031 /* Info.plist */ = {isa = PBXFileReference; lastKnownFileType = text.plist.xml; path = Info.plist; sourceTree = "<group>"; };
		832B5EB325EF55F400719031 /* macOS.entitlements */ = {isa = PBXFileReference; lastKnownFileType = text.plist.entitlements; path = macOS.entitlements; sourceTree = "<group>"; };
		832B5EB825EF55F400719031 /* Tests iOS.xctest */ = {isa = PBXFileReference; explicitFileType = wrapper.cfbundle; includeInIndex = 0; path = "Tests iOS.xctest"; sourceTree = BUILT_PRODUCTS_DIR; };
		832B5EBC25EF55F400719031 /* Tests_iOS.swift */ = {isa = PBXFileReference; lastKnownFileType = sourcecode.swift; path = Tests_iOS.swift; sourceTree = "<group>"; };
		832B5EBE25EF55F400719031 /* Info.plist */ = {isa = PBXFileReference; lastKnownFileType = text.plist.xml; path = Info.plist; sourceTree = "<group>"; };
		832B5EC325EF55F400719031 /* Tests macOS.xctest */ = {isa = PBXFileReference; explicitFileType = wrapper.cfbundle; includeInIndex = 0; path = "Tests macOS.xctest"; sourceTree = BUILT_PRODUCTS_DIR; };
		832B5EC725EF55F400719031 /* Tests_macOS.swift */ = {isa = PBXFileReference; lastKnownFileType = sourcecode.swift; path = Tests_macOS.swift; sourceTree = "<group>"; };
		832B5EC925EF55F400719031 /* Info.plist */ = {isa = PBXFileReference; lastKnownFileType = text.plist.xml; path = Info.plist; sourceTree = "<group>"; };
		832B5EEB25EF57CA00719031 /* TaskModel.swift */ = {isa = PBXFileReference; lastKnownFileType = sourcecode.swift; path = TaskModel.swift; sourceTree = "<group>"; };
		832B5EF225EF57E000719031 /* RealmRepository.swift */ = {isa = PBXFileReference; lastKnownFileType = sourcecode.swift; path = RealmRepository.swift; sourceTree = "<group>"; };
		832B5EF925EF57F400719031 /* ListViewModel.swift */ = {isa = PBXFileReference; lastKnownFileType = sourcecode.swift; path = ListViewModel.swift; sourceTree = "<group>"; };
		832B5F0025EF580500719031 /* TaskCellViewModel.swift */ = {isa = PBXFileReference; lastKnownFileType = sourcecode.swift; path = TaskCellViewModel.swift; sourceTree = "<group>"; };
		832B5F0F25EF5DA000719031 /* AddOrUpdateTaskView.swift */ = {isa = PBXFileReference; lastKnownFileType = sourcecode.swift; path = AddOrUpdateTaskView.swift; sourceTree = "<group>"; };
		836C564D25EFAB9300C08C59 /* TaskCellView.swift */ = {isa = PBXFileReference; lastKnownFileType = sourcecode.swift; path = TaskCellView.swift; sourceTree = "<group>"; };
		836C565425EFABE500C08C59 /* Utilities.swift */ = {isa = PBXFileReference; lastKnownFileType = sourcecode.swift; path = Utilities.swift; sourceTree = "<group>"; };
		836C565F25EFAC0500C08C59 /* BottomView.swift */ = {isa = PBXFileReference; lastKnownFileType = sourcecode.swift; path = BottomView.swift; sourceTree = "<group>"; };
		836C567E25EFE0AA00C08C59 /* Realm SwiftUI.entitlements */ = {isa = PBXFileReference; lastKnownFileType = text.plist.entitlements; path = "Realm SwiftUI.entitlements"; sourceTree = "<group>"; };
/* End PBXFileReference section */

/* Begin PBXFrameworksBuildPhase section */
		832B5EA525EF55F400719031 /* Frameworks */ = {
			isa = PBXFrameworksBuildPhase;
			buildActionMask = 2147483647;
			files = (
				832B5EE625EF56AC00719031 /* RealmSwift in Frameworks */,
				832B5EE425EF56AC00719031 /* Realm in Frameworks */,
			);
			runOnlyForDeploymentPostprocessing = 0;
		};
		832B5EAD25EF55F400719031 /* Frameworks */ = {
			isa = PBXFrameworksBuildPhase;
			buildActionMask = 2147483647;
			files = (
			);
			runOnlyForDeploymentPostprocessing = 0;
		};
		832B5EB525EF55F400719031 /* Frameworks */ = {
			isa = PBXFrameworksBuildPhase;
			buildActionMask = 2147483647;
			files = (
			);
			runOnlyForDeploymentPostprocessing = 0;
		};
		832B5EC025EF55F400719031 /* Frameworks */ = {
			isa = PBXFrameworksBuildPhase;
			buildActionMask = 2147483647;
			files = (
			);
			runOnlyForDeploymentPostprocessing = 0;
		};
/* End PBXFrameworksBuildPhase section */

/* Begin PBXGroup section */
		832B5E9B25EF55F200719031 = {
			isa = PBXGroup;
			children = (
				836C567E25EFE0AA00C08C59 /* Realm SwiftUI.entitlements */,
				832B5EA025EF55F200719031 /* Shared */,
				832B5EAA25EF55F400719031 /* iOS */,
				832B5EB125EF55F400719031 /* macOS */,
				832B5EBB25EF55F400719031 /* Tests iOS */,
				832B5EC625EF55F400719031 /* Tests macOS */,
				832B5EA925EF55F400719031 /* Products */,
			);
			sourceTree = "<group>";
		};
		832B5EA025EF55F200719031 /* Shared */ = {
			isa = PBXGroup;
			children = (
				832B5EA125EF55F200719031 /* Realm_SwiftUIApp.swift */,
				836C566625EFDD6200C08C59 /* View */,
				836C566B25EFDD9400C08C59 /* ViewModels */,
				836C567125EFDDBE00C08C59 /* Database */,
				836C566C25EFDDA200C08C59 /* Model */,
				836C565425EFABE500C08C59 /* Utilities.swift */,
				832B5EA325EF55F400719031 /* Assets.xcassets */,
			);
			path = Shared;
			sourceTree = "<group>";
		};
		832B5EA925EF55F400719031 /* Products */ = {
			isa = PBXGroup;
			children = (
				832B5EA825EF55F400719031 /* Realm SwiftUI.app */,
				832B5EB025EF55F400719031 /* Realm SwiftUI.app */,
				832B5EB825EF55F400719031 /* Tests iOS.xctest */,
				832B5EC325EF55F400719031 /* Tests macOS.xctest */,
			);
			name = Products;
			sourceTree = "<group>";
		};
		832B5EAA25EF55F400719031 /* iOS */ = {
			isa = PBXGroup;
			children = (
				832B5EAB25EF55F400719031 /* Info.plist */,
			);
			path = iOS;
			sourceTree = "<group>";
		};
		832B5EB125EF55F400719031 /* macOS */ = {
			isa = PBXGroup;
			children = (
				832B5EB225EF55F400719031 /* Info.plist */,
				832B5EB325EF55F400719031 /* macOS.entitlements */,
			);
			path = macOS;
			sourceTree = "<group>";
		};
		832B5EBB25EF55F400719031 /* Tests iOS */ = {
			isa = PBXGroup;
			children = (
				832B5EBC25EF55F400719031 /* Tests_iOS.swift */,
				832B5EBE25EF55F400719031 /* Info.plist */,
			);
			path = "Tests iOS";
			sourceTree = "<group>";
		};
		832B5EC625EF55F400719031 /* Tests macOS */ = {
			isa = PBXGroup;
			children = (
				832B5EC725EF55F400719031 /* Tests_macOS.swift */,
				832B5EC925EF55F400719031 /* Info.plist */,
			);
			path = "Tests macOS";
			sourceTree = "<group>";
		};
		836C566625EFDD6200C08C59 /* View */ = {
			isa = PBXGroup;
			children = (
				836C569325EFF59D00C08C59 /* ListView  */,
				836C569825EFF5AF00C08C59 /* AddOrUpdateTaskView */,
			);
			path = View;
			sourceTree = "<group>";
		};
		836C566B25EFDD9400C08C59 /* ViewModels */ = {
			isa = PBXGroup;
			children = (
				832B5EF925EF57F400719031 /* ListViewModel.swift */,
				832B5F0025EF580500719031 /* TaskCellViewModel.swift */,
			);
			path = ViewModels;
			sourceTree = "<group>";
		};
		836C566C25EFDDA200C08C59 /* Model */ = {
			isa = PBXGroup;
			children = (
				832B5EEB25EF57CA00719031 /* TaskModel.swift */,
			);
			path = Model;
			sourceTree = "<group>";
		};
		836C567125EFDDBE00C08C59 /* Database */ = {
			isa = PBXGroup;
			children = (
				832B5EF225EF57E000719031 /* RealmRepository.swift */,
			);
			path = Database;
			sourceTree = "<group>";
		};
		836C569325EFF59D00C08C59 /* ListView  */ = {
			isa = PBXGroup;
			children = (
				832B5EA225EF55F200719031 /* ListView.swift */,
				836C564D25EFAB9300C08C59 /* TaskCellView.swift */,
				836C565F25EFAC0500C08C59 /* BottomView.swift */,
			);
			path = "ListView ";
			sourceTree = "<group>";
		};
		836C569825EFF5AF00C08C59 /* AddOrUpdateTaskView */ = {
			isa = PBXGroup;
			children = (
				832B5F0F25EF5DA000719031 /* AddOrUpdateTaskView.swift */,
			);
			path = AddOrUpdateTaskView;
			sourceTree = "<group>";
		};
/* End PBXGroup section */

/* Begin PBXNativeTarget section */
		832B5EA725EF55F400719031 /* Realm SwiftUI (iOS) */ = {
			isa = PBXNativeTarget;
			buildConfigurationList = 832B5ED225EF55F400719031 /* Build configuration list for PBXNativeTarget "Realm SwiftUI (iOS)" */;
			buildPhases = (
				832B5EA425EF55F400719031 /* Sources */,
				832B5EA525EF55F400719031 /* Frameworks */,
				832B5EA625EF55F400719031 /* Resources */,
			);
			buildRules = (
			);
			dependencies = (
			);
			name = "Realm SwiftUI (iOS)";
			packageProductDependencies = (
				832B5EE325EF56AC00719031 /* Realm */,
				832B5EE525EF56AC00719031 /* RealmSwift */,
			);
			productName = "Realm SwiftUI (iOS)";
			productReference = 832B5EA825EF55F400719031 /* Realm SwiftUI.app */;
			productType = "com.apple.product-type.application";
		};
		832B5EAF25EF55F400719031 /* Realm SwiftUI (macOS) */ = {
			isa = PBXNativeTarget;
			buildConfigurationList = 832B5ED525EF55F400719031 /* Build configuration list for PBXNativeTarget "Realm SwiftUI (macOS)" */;
			buildPhases = (
				832B5EAC25EF55F400719031 /* Sources */,
				832B5EAD25EF55F400719031 /* Frameworks */,
				832B5EAE25EF55F400719031 /* Resources */,
			);
			buildRules = (
			);
			dependencies = (
			);
			name = "Realm SwiftUI (macOS)";
			productName = "Realm SwiftUI (macOS)";
			productReference = 832B5EB025EF55F400719031 /* Realm SwiftUI.app */;
			productType = "com.apple.product-type.application";
		};
		832B5EB725EF55F400719031 /* Tests iOS */ = {
			isa = PBXNativeTarget;
			buildConfigurationList = 832B5ED825EF55F400719031 /* Build configuration list for PBXNativeTarget "Tests iOS" */;
			buildPhases = (
				832B5EB425EF55F400719031 /* Sources */,
				832B5EB525EF55F400719031 /* Frameworks */,
				832B5EB625EF55F400719031 /* Resources */,
			);
			buildRules = (
			);
			dependencies = (
				832B5EBA25EF55F400719031 /* PBXTargetDependency */,
			);
			name = "Tests iOS";
			productName = "Tests iOS";
			productReference = 832B5EB825EF55F400719031 /* Tests iOS.xctest */;
			productType = "com.apple.product-type.bundle.ui-testing";
		};
		832B5EC225EF55F400719031 /* Tests macOS */ = {
			isa = PBXNativeTarget;
			buildConfigurationList = 832B5EDB25EF55F400719031 /* Build configuration list for PBXNativeTarget "Tests macOS" */;
			buildPhases = (
				832B5EBF25EF55F400719031 /* Sources */,
				832B5EC025EF55F400719031 /* Frameworks */,
				832B5EC125EF55F400719031 /* Resources */,
			);
			buildRules = (
			);
			dependencies = (
				832B5EC525EF55F400719031 /* PBXTargetDependency */,
			);
			name = "Tests macOS";
			productName = "Tests macOS";
			productReference = 832B5EC325EF55F400719031 /* Tests macOS.xctest */;
			productType = "com.apple.product-type.bundle.ui-testing";
		};
/* End PBXNativeTarget section */

/* Begin PBXProject section */
		832B5E9C25EF55F200719031 /* Project object */ = {
			isa = PBXProject;
			attributes = {
				LastSwiftUpdateCheck = 1240;
				LastUpgradeCheck = 1240;
				TargetAttributes = {
					832B5EA725EF55F400719031 = {
						CreatedOnToolsVersion = 12.4;
					};
					832B5EAF25EF55F400719031 = {
						CreatedOnToolsVersion = 12.4;
					};
					832B5EB725EF55F400719031 = {
						CreatedOnToolsVersion = 12.4;
						TestTargetID = 832B5EA725EF55F400719031;
					};
					832B5EC225EF55F400719031 = {
						CreatedOnToolsVersion = 12.4;
						TestTargetID = 832B5EAF25EF55F400719031;
					};
				};
			};
			buildConfigurationList = 832B5E9F25EF55F200719031 /* Build configuration list for PBXProject "Realm SwiftUI" */;
			compatibilityVersion = "Xcode 9.3";
			developmentRegion = en;
			hasScannedForEncodings = 0;
			knownRegions = (
				en,
				Base,
			);
			mainGroup = 832B5E9B25EF55F200719031;
			packageReferences = (
				832B5EE225EF56AC00719031 /* XCRemoteSwiftPackageReference "realm-cocoa" */,
			);
			productRefGroup = 832B5EA925EF55F400719031 /* Products */;
			projectDirPath = "";
			projectRoot = "";
			targets = (
				832B5EA725EF55F400719031 /* Realm SwiftUI (iOS) */,
				832B5EAF25EF55F400719031 /* Realm SwiftUI (macOS) */,
				832B5EB725EF55F400719031 /* Tests iOS */,
				832B5EC225EF55F400719031 /* Tests macOS */,
			);
		};
/* End PBXProject section */

/* Begin PBXResourcesBuildPhase section */
		832B5EA625EF55F400719031 /* Resources */ = {
			isa = PBXResourcesBuildPhase;
			buildActionMask = 2147483647;
			files = (
				832B5ECE25EF55F400719031 /* Assets.xcassets in Resources */,
			);
			runOnlyForDeploymentPostprocessing = 0;
		};
		832B5EAE25EF55F400719031 /* Resources */ = {
			isa = PBXResourcesBuildPhase;
			buildActionMask = 2147483647;
			files = (
				832B5ECF25EF55F400719031 /* Assets.xcassets in Resources */,
			);
			runOnlyForDeploymentPostprocessing = 0;
		};
		832B5EB625EF55F400719031 /* Resources */ = {
			isa = PBXResourcesBuildPhase;
			buildActionMask = 2147483647;
			files = (
			);
			runOnlyForDeploymentPostprocessing = 0;
		};
		832B5EC125EF55F400719031 /* Resources */ = {
			isa = PBXResourcesBuildPhase;
			buildActionMask = 2147483647;
			files = (
			);
			runOnlyForDeploymentPostprocessing = 0;
		};
/* End PBXResourcesBuildPhase section */

/* Begin PBXSourcesBuildPhase section */
		832B5EA425EF55F400719031 /* Sources */ = {
			isa = PBXSourcesBuildPhase;
			buildActionMask = 2147483647;
			files = (
				832B5EFA25EF57F400719031 /* ListViewModel.swift in Sources */,
				832B5EEC25EF57CA00719031 /* TaskModel.swift in Sources */,
				832B5EF325EF57E000719031 /* RealmRepository.swift in Sources */,
				836C564E25EFAB9300C08C59 /* TaskCellView.swift in Sources */,
				832B5F1025EF5DA000719031 /* AddOrUpdateTaskView.swift in Sources */,
				832B5F0125EF580500719031 /* TaskCellViewModel.swift in Sources */,
				836C565525EFABE500C08C59 /* Utilities.swift in Sources */,
				832B5ECC25EF55F400719031 /* ListView.swift in Sources */,
				832B5ECA25EF55F400719031 /* Realm_SwiftUIApp.swift in Sources */,
				836C566025EFAC0500C08C59 /* BottomView.swift in Sources */,
			);
			runOnlyForDeploymentPostprocessing = 0;
		};
		832B5EAC25EF55F400719031 /* Sources */ = {
			isa = PBXSourcesBuildPhase;
			buildActionMask = 2147483647;
			files = (
				832B5EFB25EF57F400719031 /* ListViewModel.swift in Sources */,
				832B5EED25EF57CA00719031 /* TaskModel.swift in Sources */,
				832B5EF425EF57E000719031 /* RealmRepository.swift in Sources */,
				836C564F25EFAB9300C08C59 /* TaskCellView.swift in Sources */,
				832B5F1125EF5DA000719031 /* AddOrUpdateTaskView.swift in Sources */,
				832B5F0225EF580500719031 /* TaskCellViewModel.swift in Sources */,
				836C565625EFABE500C08C59 /* Utilities.swift in Sources */,
				832B5ECD25EF55F400719031 /* ListView.swift in Sources */,
				832B5ECB25EF55F400719031 /* Realm_SwiftUIApp.swift in Sources */,
				836C566125EFAC0500C08C59 /* BottomView.swift in Sources */,
			);
			runOnlyForDeploymentPostprocessing = 0;
		};
		832B5EB425EF55F400719031 /* Sources */ = {
			isa = PBXSourcesBuildPhase;
			buildActionMask = 2147483647;
			files = (
				832B5EBD25EF55F400719031 /* Tests_iOS.swift in Sources */,
			);
			runOnlyForDeploymentPostprocessing = 0;
		};
		832B5EBF25EF55F400719031 /* Sources */ = {
			isa = PBXSourcesBuildPhase;
			buildActionMask = 2147483647;
			files = (
				832B5EC825EF55F400719031 /* Tests_macOS.swift in Sources */,
			);
			runOnlyForDeploymentPostprocessing = 0;
		};
/* End PBXSourcesBuildPhase section */

/* Begin PBXTargetDependency section */
		832B5EBA25EF55F400719031 /* PBXTargetDependency */ = {
			isa = PBXTargetDependency;
			target = 832B5EA725EF55F400719031 /* Realm SwiftUI (iOS) */;
			targetProxy = 832B5EB925EF55F400719031 /* PBXContainerItemProxy */;
		};
		832B5EC525EF55F400719031 /* PBXTargetDependency */ = {
			isa = PBXTargetDependency;
			target = 832B5EAF25EF55F400719031 /* Realm SwiftUI (macOS) */;
			targetProxy = 832B5EC425EF55F400719031 /* PBXContainerItemProxy */;
		};
/* End PBXTargetDependency section */

/* Begin XCBuildConfiguration section */
		832B5ED025EF55F400719031 /* Debug */ = {
			isa = XCBuildConfiguration;
			buildSettings = {
				ALWAYS_SEARCH_USER_PATHS = NO;
				CLANG_ANALYZER_NONNULL = YES;
				CLANG_ANALYZER_NUMBER_OBJECT_CONVERSION = YES_AGGRESSIVE;
				CLANG_CXX_LANGUAGE_STANDARD = "gnu++14";
				CLANG_CXX_LIBRARY = "libc++";
				CLANG_ENABLE_MODULES = YES;
				CLANG_ENABLE_OBJC_ARC = YES;
				CLANG_ENABLE_OBJC_WEAK = YES;
				CLANG_WARN_BLOCK_CAPTURE_AUTORELEASING = YES;
				CLANG_WARN_BOOL_CONVERSION = YES;
				CLANG_WARN_COMMA = YES;
				CLANG_WARN_CONSTANT_CONVERSION = YES;
				CLANG_WARN_DEPRECATED_OBJC_IMPLEMENTATIONS = YES;
				CLANG_WARN_DIRECT_OBJC_ISA_USAGE = YES_ERROR;
				CLANG_WARN_DOCUMENTATION_COMMENTS = YES;
				CLANG_WARN_EMPTY_BODY = YES;
				CLANG_WARN_ENUM_CONVERSION = YES;
				CLANG_WARN_INFINITE_RECURSION = YES;
				CLANG_WARN_INT_CONVERSION = YES;
				CLANG_WARN_NON_LITERAL_NULL_CONVERSION = YES;
				CLANG_WARN_OBJC_IMPLICIT_RETAIN_SELF = YES;
				CLANG_WARN_OBJC_LITERAL_CONVERSION = YES;
				CLANG_WARN_OBJC_ROOT_CLASS = YES_ERROR;
				CLANG_WARN_QUOTED_INCLUDE_IN_FRAMEWORK_HEADER = YES;
				CLANG_WARN_RANGE_LOOP_ANALYSIS = YES;
				CLANG_WARN_STRICT_PROTOTYPES = YES;
				CLANG_WARN_SUSPICIOUS_MOVE = YES;
				CLANG_WARN_UNGUARDED_AVAILABILITY = YES_AGGRESSIVE;
				CLANG_WARN_UNREACHABLE_CODE = YES;
				CLANG_WARN__DUPLICATE_METHOD_MATCH = YES;
				COPY_PHASE_STRIP = NO;
				DEBUG_INFORMATION_FORMAT = dwarf;
				ENABLE_STRICT_OBJC_MSGSEND = YES;
				ENABLE_TESTABILITY = YES;
				GCC_C_LANGUAGE_STANDARD = gnu11;
				GCC_DYNAMIC_NO_PIC = NO;
				GCC_NO_COMMON_BLOCKS = YES;
				GCC_OPTIMIZATION_LEVEL = 0;
				GCC_PREPROCESSOR_DEFINITIONS = (
					"DEBUG=1",
					"$(inherited)",
				);
				GCC_WARN_64_TO_32_BIT_CONVERSION = YES;
				GCC_WARN_ABOUT_RETURN_TYPE = YES_ERROR;
				GCC_WARN_UNDECLARED_SELECTOR = YES;
				GCC_WARN_UNINITIALIZED_AUTOS = YES_AGGRESSIVE;
				GCC_WARN_UNUSED_FUNCTION = YES;
				GCC_WARN_UNUSED_VARIABLE = YES;
				MTL_ENABLE_DEBUG_INFO = INCLUDE_SOURCE;
				MTL_FAST_MATH = YES;
				ONLY_ACTIVE_ARCH = YES;
				SWIFT_ACTIVE_COMPILATION_CONDITIONS = DEBUG;
				SWIFT_OPTIMIZATION_LEVEL = "-Onone";
			};
			name = Debug;
		};
		832B5ED125EF55F400719031 /* Release */ = {
			isa = XCBuildConfiguration;
			buildSettings = {
				ALWAYS_SEARCH_USER_PATHS = NO;
				CLANG_ANALYZER_NONNULL = YES;
				CLANG_ANALYZER_NUMBER_OBJECT_CONVERSION = YES_AGGRESSIVE;
				CLANG_CXX_LANGUAGE_STANDARD = "gnu++14";
				CLANG_CXX_LIBRARY = "libc++";
				CLANG_ENABLE_MODULES = YES;
				CLANG_ENABLE_OBJC_ARC = YES;
				CLANG_ENABLE_OBJC_WEAK = YES;
				CLANG_WARN_BLOCK_CAPTURE_AUTORELEASING = YES;
				CLANG_WARN_BOOL_CONVERSION = YES;
				CLANG_WARN_COMMA = YES;
				CLANG_WARN_CONSTANT_CONVERSION = YES;
				CLANG_WARN_DEPRECATED_OBJC_IMPLEMENTATIONS = YES;
				CLANG_WARN_DIRECT_OBJC_ISA_USAGE = YES_ERROR;
				CLANG_WARN_DOCUMENTATION_COMMENTS = YES;
				CLANG_WARN_EMPTY_BODY = YES;
				CLANG_WARN_ENUM_CONVERSION = YES;
				CLANG_WARN_INFINITE_RECURSION = YES;
				CLANG_WARN_INT_CONVERSION = YES;
				CLANG_WARN_NON_LITERAL_NULL_CONVERSION = YES;
				CLANG_WARN_OBJC_IMPLICIT_RETAIN_SELF = YES;
				CLANG_WARN_OBJC_LITERAL_CONVERSION = YES;
				CLANG_WARN_OBJC_ROOT_CLASS = YES_ERROR;
				CLANG_WARN_QUOTED_INCLUDE_IN_FRAMEWORK_HEADER = YES;
				CLANG_WARN_RANGE_LOOP_ANALYSIS = YES;
				CLANG_WARN_STRICT_PROTOTYPES = YES;
				CLANG_WARN_SUSPICIOUS_MOVE = YES;
				CLANG_WARN_UNGUARDED_AVAILABILITY = YES_AGGRESSIVE;
				CLANG_WARN_UNREACHABLE_CODE = YES;
				CLANG_WARN__DUPLICATE_METHOD_MATCH = YES;
				COPY_PHASE_STRIP = NO;
				DEBUG_INFORMATION_FORMAT = "dwarf-with-dsym";
				ENABLE_NS_ASSERTIONS = NO;
				ENABLE_STRICT_OBJC_MSGSEND = YES;
				GCC_C_LANGUAGE_STANDARD = gnu11;
				GCC_NO_COMMON_BLOCKS = YES;
				GCC_WARN_64_TO_32_BIT_CONVERSION = YES;
				GCC_WARN_ABOUT_RETURN_TYPE = YES_ERROR;
				GCC_WARN_UNDECLARED_SELECTOR = YES;
				GCC_WARN_UNINITIALIZED_AUTOS = YES_AGGRESSIVE;
				GCC_WARN_UNUSED_FUNCTION = YES;
				GCC_WARN_UNUSED_VARIABLE = YES;
				MTL_ENABLE_DEBUG_INFO = NO;
				MTL_FAST_MATH = YES;
				SWIFT_COMPILATION_MODE = wholemodule;
				SWIFT_OPTIMIZATION_LEVEL = "-O";
			};
			name = Release;
		};
		832B5ED325EF55F400719031 /* Debug */ = {
			isa = XCBuildConfiguration;
			buildSettings = {
				ASSETCATALOG_COMPILER_APPICON_NAME = AppIcon;
				ASSETCATALOG_COMPILER_GLOBAL_ACCENT_COLOR_NAME = AccentColor;
				CODE_SIGN_ENTITLEMENTS = "Realm SwiftUI.entitlements";
				CODE_SIGN_STYLE = Automatic;
				DEVELOPMENT_TEAM = UGDUJASRTY;
				ENABLE_PREVIEWS = YES;
				INFOPLIST_FILE = iOS/Info.plist;
				IPHONEOS_DEPLOYMENT_TARGET = 14.0;
				LD_RUNPATH_SEARCH_PATHS = (
					"$(inherited)",
					"@executable_path/Frameworks",
				);
				PRODUCT_BUNDLE_IDENTIFIER = "com.TariqAlmazyad.Realm-SwiftUI";
				PRODUCT_NAME = "Realm SwiftUI";
				SDKROOT = iphoneos;
				SUPPORTS_MACCATALYST = YES;
				SWIFT_VERSION = 5.0;
				TARGETED_DEVICE_FAMILY = "1,2";
			};
			name = Debug;
		};
		832B5ED425EF55F400719031 /* Release */ = {
			isa = XCBuildConfiguration;
			buildSettings = {
				ASSETCATALOG_COMPILER_APPICON_NAME = AppIcon;
				ASSETCATALOG_COMPILER_GLOBAL_ACCENT_COLOR_NAME = AccentColor;
				CODE_SIGN_ENTITLEMENTS = "Realm SwiftUI.entitlements";
				CODE_SIGN_STYLE = Automatic;
				DEVELOPMENT_TEAM = UGDUJASRTY;
				ENABLE_PREVIEWS = YES;
				INFOPLIST_FILE = iOS/Info.plist;
				IPHONEOS_DEPLOYMENT_TARGET = 14.0;
				LD_RUNPATH_SEARCH_PATHS = (
					"$(inherited)",
					"@executable_path/Frameworks",
				);
				PRODUCT_BUNDLE_IDENTIFIER = "com.TariqAlmazyad.Realm-SwiftUI";
				PRODUCT_NAME = "Realm SwiftUI";
				SDKROOT = iphoneos;
				SUPPORTS_MACCATALYST = YES;
				SWIFT_VERSION = 5.0;
				TARGETED_DEVICE_FAMILY = "1,2";
				VALIDATE_PRODUCT = YES;
			};
			name = Release;
		};
		832B5ED625EF55F400719031 /* Debug */ = {
			isa = XCBuildConfiguration;
			buildSettings = {
				ASSETCATALOG_COMPILER_APPICON_NAME = AppIcon;
				ASSETCATALOG_COMPILER_GLOBAL_ACCENT_COLOR_NAME = AccentColor;
				CODE_SIGN_ENTITLEMENTS = macOS/macOS.entitlements;
				CODE_SIGN_STYLE = Automatic;
				COMBINE_HIDPI_IMAGES = YES;
				DEVELOPMENT_TEAM = UGDUJASRTY;
				ENABLE_HARDENED_RUNTIME = YES;
				ENABLE_PREVIEWS = YES;
				INFOPLIST_FILE = macOS/Info.plist;
				LD_RUNPATH_SEARCH_PATHS = (
					"$(inherited)",
					"@executable_path/../Frameworks",
				);
				MACOSX_DEPLOYMENT_TARGET = 11.0;
				PRODUCT_BUNDLE_IDENTIFIER = "com.TariqAlmazyad.Realm-SwiftUI";
				PRODUCT_NAME = "Realm SwiftUI";
				SDKROOT = macosx;
				SWIFT_VERSION = 5.0;
			};
			name = Debug;
		};
		832B5ED725EF55F400719031 /* Release */ = {
			isa = XCBuildConfiguration;
			buildSettings = {
				ASSETCATALOG_COMPILER_APPICON_NAME = AppIcon;
				ASSETCATALOG_COMPILER_GLOBAL_ACCENT_COLOR_NAME = AccentColor;
				CODE_SIGN_ENTITLEMENTS = macOS/macOS.entitlements;
				CODE_SIGN_STYLE = Automatic;
				COMBINE_HIDPI_IMAGES = YES;
				DEVELOPMENT_TEAM = UGDUJASRTY;
				ENABLE_HARDENED_RUNTIME = YES;
				ENABLE_PREVIEWS = YES;
				INFOPLIST_FILE = macOS/Info.plist;
				LD_RUNPATH_SEARCH_PATHS = (
					"$(inherited)",
					"@executable_path/../Frameworks",
				);
				MACOSX_DEPLOYMENT_TARGET = 11.0;
				PRODUCT_BUNDLE_IDENTIFIER = "com.TariqAlmazyad.Realm-SwiftUI";
				PRODUCT_NAME = "Realm SwiftUI";
				SDKROOT = macosx;
				SWIFT_VERSION = 5.0;
			};
			name = Release;
		};
		832B5ED925EF55F400719031 /* Debug */ = {
			isa = XCBuildConfiguration;
			buildSettings = {
				ALWAYS_EMBED_SWIFT_STANDARD_LIBRARIES = YES;
				CODE_SIGN_STYLE = Automatic;
				DEVELOPMENT_TEAM = UGDUJASRTY;
				INFOPLIST_FILE = "Tests iOS/Info.plist";
				IPHONEOS_DEPLOYMENT_TARGET = 14.4;
				LD_RUNPATH_SEARCH_PATHS = (
					"$(inherited)",
					"@executable_path/Frameworks",
					"@loader_path/Frameworks",
				);
				PRODUCT_BUNDLE_IDENTIFIER = "com.TariqAlmazyad.Tests-iOS";
				PRODUCT_NAME = "$(TARGET_NAME)";
				SDKROOT = iphoneos;
				SWIFT_VERSION = 5.0;
				TARGETED_DEVICE_FAMILY = "1,2";
				TEST_TARGET_NAME = "Realm SwiftUI (iOS)";
			};
			name = Debug;
		};
		832B5EDA25EF55F400719031 /* Release */ = {
			isa = XCBuildConfiguration;
			buildSettings = {
				ALWAYS_EMBED_SWIFT_STANDARD_LIBRARIES = YES;
				CODE_SIGN_STYLE = Automatic;
				DEVELOPMENT_TEAM = UGDUJASRTY;
				INFOPLIST_FILE = "Tests iOS/Info.plist";
				IPHONEOS_DEPLOYMENT_TARGET = 14.4;
				LD_RUNPATH_SEARCH_PATHS = (
					"$(inherited)",
					"@executable_path/Frameworks",
					"@loader_path/Frameworks",
				);
				PRODUCT_BUNDLE_IDENTIFIER = "com.TariqAlmazyad.Tests-iOS";
				PRODUCT_NAME = "$(TARGET_NAME)";
				SDKROOT = iphoneos;
				SWIFT_VERSION = 5.0;
				TARGETED_DEVICE_FAMILY = "1,2";
				TEST_TARGET_NAME = "Realm SwiftUI (iOS)";
				VALIDATE_PRODUCT = YES;
			};
			name = Release;
		};
		832B5EDC25EF55F400719031 /* Debug */ = {
			isa = XCBuildConfiguration;
			buildSettings = {
				ALWAYS_EMBED_SWIFT_STANDARD_LIBRARIES = YES;
				CODE_SIGN_STYLE = Automatic;
				COMBINE_HIDPI_IMAGES = YES;
				DEVELOPMENT_TEAM = UGDUJASRTY;
				INFOPLIST_FILE = "Tests macOS/Info.plist";
				LD_RUNPATH_SEARCH_PATHS = (
					"$(inherited)",
					"@executable_path/../Frameworks",
					"@loader_path/../Frameworks",
				);
				MACOSX_DEPLOYMENT_TARGET = 11.1;
				PRODUCT_BUNDLE_IDENTIFIER = "com.TariqAlmazyad.Tests-macOS";
				PRODUCT_NAME = "$(TARGET_NAME)";
				SDKROOT = macosx;
				SWIFT_VERSION = 5.0;
				TEST_TARGET_NAME = "Realm SwiftUI (macOS)";
			};
			name = Debug;
		};
		832B5EDD25EF55F400719031 /* Release */ = {
			isa = XCBuildConfiguration;
			buildSettings = {
				ALWAYS_EMBED_SWIFT_STANDARD_LIBRARIES = YES;
				CODE_SIGN_STYLE = Automatic;
				COMBINE_HIDPI_IMAGES = YES;
				DEVELOPMENT_TEAM = UGDUJASRTY;
				INFOPLIST_FILE = "Tests macOS/Info.plist";
				LD_RUNPATH_SEARCH_PATHS = (
					"$(inherited)",
					"@executable_path/../Frameworks",
					"@loader_path/../Frameworks",
				);
				MACOSX_DEPLOYMENT_TARGET = 11.1;
				PRODUCT_BUNDLE_IDENTIFIER = "com.TariqAlmazyad.Tests-macOS";
				PRODUCT_NAME = "$(TARGET_NAME)";
				SDKROOT = macosx;
				SWIFT_VERSION = 5.0;
				TEST_TARGET_NAME = "Realm SwiftUI (macOS)";
			};
			name = Release;
		};
/* End XCBuildConfiguration section */

/* Begin XCConfigurationList section */
		832B5E9F25EF55F200719031 /* Build configuration list for PBXProject "Realm SwiftUI" */ = {
			isa = XCConfigurationList;
			buildConfigurations = (
				832B5ED025EF55F400719031 /* Debug */,
				832B5ED125EF55F400719031 /* Release */,
			);
			defaultConfigurationIsVisible = 0;
			defaultConfigurationName = Release;
		};
		832B5ED225EF55F400719031 /* Build configuration list for PBXNativeTarget "Realm SwiftUI (iOS)" */ = {
			isa = XCConfigurationList;
			buildConfigurations = (
				832B5ED325EF55F400719031 /* Debug */,
				832B5ED425EF55F400719031 /* Release */,
			);
			defaultConfigurationIsVisible = 0;
			defaultConfigurationName = Release;
		};
		832B5ED525EF55F400719031 /* Build configuration list for PBXNativeTarget "Realm SwiftUI (macOS)" */ = {
			isa = XCConfigurationList;
			buildConfigurations = (
				832B5ED625EF55F400719031 /* Debug */,
				832B5ED725EF55F400719031 /* Release */,
			);
			defaultConfigurationIsVisible = 0;
			defaultConfigurationName = Release;
		};
		832B5ED825EF55F400719031 /* Build configuration list for PBXNativeTarget "Tests iOS" */ = {
			isa = XCConfigurationList;
			buildConfigurations = (
				832B5ED925EF55F400719031 /* Debug */,
				832B5EDA25EF55F400719031 /* Release */,
			);
			defaultConfigurationIsVisible = 0;
			defaultConfigurationName = Release;
		};
		832B5EDB25EF55F400719031 /* Build configuration list for PBXNativeTarget "Tests macOS" */ = {
			isa = XCConfigurationList;
			buildConfigurations = (
				832B5EDC25EF55F400719031 /* Debug */,
				832B5EDD25EF55F400719031 /* Release */,
			);
			defaultConfigurationIsVisible = 0;
			defaultConfigurationName = Release;
		};
/* End XCConfigurationList section */

/* Begin XCRemoteSwiftPackageReference section */
		832B5EE225EF56AC00719031 /* XCRemoteSwiftPackageReference "realm-cocoa" */ = {
			isa = XCRemoteSwiftPackageReference;
			repositoryURL = "https://github.com/realm/realm-cocoa.git";
			requirement = {
				kind = upToNextMajorVersion;
				minimumVersion = 10.7.0;
			};
		};
/* End XCRemoteSwiftPackageReference section */

/* Begin XCSwiftPackageProductDependency section */
		832B5EE325EF56AC00719031 /* Realm */ = {
			isa = XCSwiftPackageProductDependency;
			package = 832B5EE225EF56AC00719031 /* XCRemoteSwiftPackageReference "realm-cocoa" */;
			productName = Realm;
		};
		832B5EE525EF56AC00719031 /* RealmSwift */ = {
			isa = XCSwiftPackageProductDependency;
			package = 832B5EE225EF56AC00719031 /* XCRemoteSwiftPackageReference "realm-cocoa" */;
			productName = RealmSwift;
		};
/* End XCSwiftPackageProductDependency section */
	};
	rootObject = 832B5E9C25EF55F200719031 /* Project object */;
}
